// !$*UTF8*$!
{
	archiveVersion = 1;
	classes = {
	};
	objectVersion = 50;
	objects = {

/* Begin PBXBuildFile section */
		165BE4C8267C53D5005B4AFA /* CoffeeShopAPI.swift in Sources */ = {isa = PBXBuildFile; fileRef = 165BE4C7267C53D5005B4AFA /* CoffeeShopAPI.swift */; };
		165BE4D5267C54A5005B4AFA /* CoffeeShopAPITests.swift in Sources */ = {isa = PBXBuildFile; fileRef = 165BE4D4267C54A5005B4AFA /* CoffeeShopAPITests.swift */; };
		165BE4D7267C54A5005B4AFA /* libCoffeeShopAPI.a in Frameworks */ = {isa = PBXBuildFile; fileRef = 165BE4C4267C53D5005B4AFA /* libCoffeeShopAPI.a */; };
		165BE4E0267C558C005B4AFA /* StoreInfo.swift in Sources */ = {isa = PBXBuildFile; fileRef = 165BE4DF267C558C005B4AFA /* StoreInfo.swift */; };
		165BE4E3267C55F2005B4AFA /* Product.swift in Sources */ = {isa = PBXBuildFile; fileRef = 165BE4E2267C55F2005B4AFA /* Product.swift */; };
		165BE4E5267C5639005B4AFA /* Order.swift in Sources */ = {isa = PBXBuildFile; fileRef = 165BE4E4267C5639005B4AFA /* Order.swift */; };
		165BE4EC267C5992005B4AFA /* StoreRequest.swift in Sources */ = {isa = PBXBuildFile; fileRef = 165BE4EB267C5992005B4AFA /* StoreRequest.swift */; };
/* End PBXBuildFile section */

/* Begin PBXContainerItemProxy section */
		165BE4D8267C54A5005B4AFA /* PBXContainerItemProxy */ = {
			isa = PBXContainerItemProxy;
			containerPortal = 165BE4BC267C53D5005B4AFA /* Project object */;
			proxyType = 1;
			remoteGlobalIDString = 165BE4C3267C53D5005B4AFA;
			remoteInfo = CoffeeShopAPI;
		};
/* End PBXContainerItemProxy section */

/* Begin PBXCopyFilesBuildPhase section */
		165BE4C2267C53D5005B4AFA /* CopyFiles */ = {
			isa = PBXCopyFilesBuildPhase;
			buildActionMask = 2147483647;
			dstPath = "include/$(PRODUCT_NAME)";
			dstSubfolderSpec = 16;
			files = (
			);
			runOnlyForDeploymentPostprocessing = 0;
		};
/* End PBXCopyFilesBuildPhase section */

/* Begin PBXFileReference section */
		165BE4C4267C53D5005B4AFA /* libCoffeeShopAPI.a */ = {isa = PBXFileReference; explicitFileType = archive.ar; includeInIndex = 0; path = libCoffeeShopAPI.a; sourceTree = BUILT_PRODUCTS_DIR; };
		165BE4C7267C53D5005B4AFA /* CoffeeShopAPI.swift */ = {isa = PBXFileReference; lastKnownFileType = sourcecode.swift; path = CoffeeShopAPI.swift; sourceTree = "<group>"; };
		165BE4D2267C54A5005B4AFA /* CoffeeShopAPITests.xctest */ = {isa = PBXFileReference; explicitFileType = wrapper.cfbundle; includeInIndex = 0; path = CoffeeShopAPITests.xctest; sourceTree = BUILT_PRODUCTS_DIR; };
		165BE4D4267C54A5005B4AFA /* CoffeeShopAPITests.swift */ = {isa = PBXFileReference; lastKnownFileType = sourcecode.swift; path = CoffeeShopAPITests.swift; sourceTree = "<group>"; };
		165BE4D6267C54A5005B4AFA /* Info.plist */ = {isa = PBXFileReference; lastKnownFileType = text.plist.xml; path = Info.plist; sourceTree = "<group>"; };
		165BE4DF267C558C005B4AFA /* StoreInfo.swift */ = {isa = PBXFileReference; lastKnownFileType = sourcecode.swift; path = StoreInfo.swift; sourceTree = "<group>"; };
		165BE4E2267C55F2005B4AFA /* Product.swift */ = {isa = PBXFileReference; lastKnownFileType = sourcecode.swift; path = Product.swift; sourceTree = "<group>"; };
		165BE4E4267C5639005B4AFA /* Order.swift */ = {isa = PBXFileReference; lastKnownFileType = sourcecode.swift; path = Order.swift; sourceTree = "<group>"; };
		165BE4EB267C5992005B4AFA /* StoreRequest.swift */ = {isa = PBXFileReference; lastKnownFileType = sourcecode.swift; path = StoreRequest.swift; sourceTree = "<group>"; };
/* End PBXFileReference section */

/* Begin PBXFrameworksBuildPhase section */
		165BE4C1267C53D5005B4AFA /* Frameworks */ = {
			isa = PBXFrameworksBuildPhase;
			buildActionMask = 2147483647;
			files = (
			);
			runOnlyForDeploymentPostprocessing = 0;
		};
		165BE4CF267C54A5005B4AFA /* Frameworks */ = {
			isa = PBXFrameworksBuildPhase;
			buildActionMask = 2147483647;
			files = (
				165BE4D7267C54A5005B4AFA /* libCoffeeShopAPI.a in Frameworks */,
			);
			runOnlyForDeploymentPostprocessing = 0;
		};
/* End PBXFrameworksBuildPhase section */

/* Begin PBXGroup section */
		165BE4BB267C53D5005B4AFA = {
			isa = PBXGroup;
			children = (
				165BE4C6267C53D5005B4AFA /* CoffeeShopAPI */,
				165BE4D3267C54A5005B4AFA /* CoffeeShopAPITests */,
				165BE4C5267C53D5005B4AFA /* Products */,
			);
			sourceTree = "<group>";
		};
		165BE4C5267C53D5005B4AFA /* Products */ = {
			isa = PBXGroup;
			children = (
				165BE4C4267C53D5005B4AFA /* libCoffeeShopAPI.a */,
				165BE4D2267C54A5005B4AFA /* CoffeeShopAPITests.xctest */,
			);
			name = Products;
			sourceTree = "<group>";
		};
		165BE4C6267C53D5005B4AFA /* CoffeeShopAPI */ = {
			isa = PBXGroup;
			children = (
				165BE4C7267C53D5005B4AFA /* CoffeeShopAPI.swift */,
				165BE4E7267C58AE005B4AFA /* Model */,
				165BE4EB267C5992005B4AFA /* StoreRequest.swift */,
			);
			path = CoffeeShopAPI;
			sourceTree = "<group>";
		};
		165BE4D3267C54A5005B4AFA /* CoffeeShopAPITests */ = {
			isa = PBXGroup;
			children = (
				165BE4D4267C54A5005B4AFA /* CoffeeShopAPITests.swift */,
				165BE4D6267C54A5005B4AFA /* Info.plist */,
			);
			path = CoffeeShopAPITests;
			sourceTree = "<group>";
		};
		165BE4E7267C58AE005B4AFA /* Model */ = {
			isa = PBXGroup;
			children = (
				165BE4E4267C5639005B4AFA /* Order.swift */,
				165BE4E2267C55F2005B4AFA /* Product.swift */,
				165BE4DF267C558C005B4AFA /* StoreInfo.swift */,
			);
			path = Model;
			sourceTree = "<group>";
		};
/* End PBXGroup section */

/* Begin PBXNativeTarget section */
		165BE4C3267C53D5005B4AFA /* CoffeeShopAPI */ = {
			isa = PBXNativeTarget;
			buildConfigurationList = 165BE4CB267C53D5005B4AFA /* Build configuration list for PBXNativeTarget "CoffeeShopAPI" */;
			buildPhases = (
				165BE4C0267C53D5005B4AFA /* Sources */,
				165BE4C1267C53D5005B4AFA /* Frameworks */,
				165BE4C2267C53D5005B4AFA /* CopyFiles */,
			);
			buildRules = (
			);
			dependencies = (
			);
			name = CoffeeShopAPI;
			productName = CoffeeShopAPI;
			productReference = 165BE4C4267C53D5005B4AFA /* libCoffeeShopAPI.a */;
			productType = "com.apple.product-type.library.static";
		};
		165BE4D1267C54A5005B4AFA /* CoffeeShopAPITests */ = {
			isa = PBXNativeTarget;
			buildConfigurationList = 165BE4DA267C54A5005B4AFA /* Build configuration list for PBXNativeTarget "CoffeeShopAPITests" */;
			buildPhases = (
				165BE4CE267C54A5005B4AFA /* Sources */,
				165BE4CF267C54A5005B4AFA /* Frameworks */,
				165BE4D0267C54A5005B4AFA /* Resources */,
			);
			buildRules = (
			);
			dependencies = (
				165BE4D9267C54A5005B4AFA /* PBXTargetDependency */,
			);
			name = CoffeeShopAPITests;
			productName = CoffeeShopAPITests;
			productReference = 165BE4D2267C54A5005B4AFA /* CoffeeShopAPITests.xctest */;
			productType = "com.apple.product-type.bundle.unit-test";
		};
/* End PBXNativeTarget section */

/* Begin PBXProject section */
		165BE4BC267C53D5005B4AFA /* Project object */ = {
			isa = PBXProject;
			attributes = {
				LastSwiftUpdateCheck = 1250;
				LastUpgradeCheck = 1250;
				TargetAttributes = {
					165BE4C3267C53D5005B4AFA = {
						CreatedOnToolsVersion = 12.5;
					};
					165BE4D1267C54A5005B4AFA = {
						CreatedOnToolsVersion = 12.5;
					};
				};
			};
			buildConfigurationList = 165BE4BF267C53D5005B4AFA /* Build configuration list for PBXProject "CoffeeShopAPI" */;
			compatibilityVersion = "Xcode 9.3";
			developmentRegion = en;
			hasScannedForEncodings = 0;
			knownRegions = (
				en,
				Base,
			);
			mainGroup = 165BE4BB267C53D5005B4AFA;
			productRefGroup = 165BE4C5267C53D5005B4AFA /* Products */;
			projectDirPath = "";
			projectRoot = "";
			targets = (
				165BE4C3267C53D5005B4AFA /* CoffeeShopAPI */,
				165BE4D1267C54A5005B4AFA /* CoffeeShopAPITests */,
			);
		};
/* End PBXProject section */

/* Begin PBXResourcesBuildPhase section */
		165BE4D0267C54A5005B4AFA /* Resources */ = {
			isa = PBXResourcesBuildPhase;
			buildActionMask = 2147483647;
			files = (
			);
			runOnlyForDeploymentPostprocessing = 0;
		};
/* End PBXResourcesBuildPhase section */

/* Begin PBXSourcesBuildPhase section */
		165BE4C0267C53D5005B4AFA /* Sources */ = {
			isa = PBXSourcesBuildPhase;
			buildActionMask = 2147483647;
			files = (
				165BE4EC267C5992005B4AFA /* StoreRequest.swift in Sources */,
				165BE4C8267C53D5005B4AFA /* CoffeeShopAPI.swift in Sources */,
				165BE4E0267C558C005B4AFA /* StoreInfo.swift in Sources */,
				165BE4E5267C5639005B4AFA /* Order.swift in Sources */,
				165BE4E3267C55F2005B4AFA /* Product.swift in Sources */,
			);
			runOnlyForDeploymentPostprocessing = 0;
		};
		165BE4CE267C54A5005B4AFA /* Sources */ = {
			isa = PBXSourcesBuildPhase;
			buildActionMask = 2147483647;
			files = (
				165BE4D5267C54A5005B4AFA /* CoffeeShopAPITests.swift in Sources */,
			);
			runOnlyForDeploymentPostprocessing = 0;
		};
/* End PBXSourcesBuildPhase section */

/* Begin PBXTargetDependency section */
		165BE4D9267C54A5005B4AFA /* PBXTargetDependency */ = {
			isa = PBXTargetDependency;
			target = 165BE4C3267C53D5005B4AFA /* CoffeeShopAPI */;
			targetProxy = 165BE4D8267C54A5005B4AFA /* PBXContainerItemProxy */;
		};
/* End PBXTargetDependency section */

/* Begin XCBuildConfiguration section */
		165BE4C9267C53D5005B4AFA /* Debug */ = {
			isa = XCBuildConfiguration;
			buildSettings = {
				ALWAYS_SEARCH_USER_PATHS = NO;
				CLANG_ANALYZER_NONNULL = YES;
				CLANG_ANALYZER_NUMBER_OBJECT_CONVERSION = YES_AGGRESSIVE;
				CLANG_CXX_LANGUAGE_STANDARD = "gnu++14";
				CLANG_CXX_LIBRARY = "libc++";
				CLANG_ENABLE_MODULES = YES;
				CLANG_ENABLE_OBJC_ARC = YES;
				CLANG_ENABLE_OBJC_WEAK = YES;
				CLANG_WARN_BLOCK_CAPTURE_AUTORELEASING = YES;
				CLANG_WARN_BOOL_CONVERSION = YES;
				CLANG_WARN_COMMA = YES;
				CLANG_WARN_CONSTANT_CONVERSION = YES;
				CLANG_WARN_DEPRECATED_OBJC_IMPLEMENTATIONS = YES;
				CLANG_WARN_DIRECT_OBJC_ISA_USAGE = YES_ERROR;
				CLANG_WARN_DOCUMENTATION_COMMENTS = YES;
				CLANG_WARN_EMPTY_BODY = YES;
				CLANG_WARN_ENUM_CONVERSION = YES;
				CLANG_WARN_INFINITE_RECURSION = YES;
				CLANG_WARN_INT_CONVERSION = YES;
				CLANG_WARN_NON_LITERAL_NULL_CONVERSION = YES;
				CLANG_WARN_OBJC_IMPLICIT_RETAIN_SELF = YES;
				CLANG_WARN_OBJC_LITERAL_CONVERSION = YES;
				CLANG_WARN_OBJC_ROOT_CLASS = YES_ERROR;
				CLANG_WARN_QUOTED_INCLUDE_IN_FRAMEWORK_HEADER = YES;
				CLANG_WARN_RANGE_LOOP_ANALYSIS = YES;
				CLANG_WARN_STRICT_PROTOTYPES = YES;
				CLANG_WARN_SUSPICIOUS_MOVE = YES;
				CLANG_WARN_UNGUARDED_AVAILABILITY = YES_AGGRESSIVE;
				CLANG_WARN_UNREACHABLE_CODE = YES;
				CLANG_WARN__DUPLICATE_METHOD_MATCH = YES;
				COPY_PHASE_STRIP = NO;
				DEBUG_INFORMATION_FORMAT = dwarf;
				ENABLE_STRICT_OBJC_MSGSEND = YES;
				ENABLE_TESTABILITY = YES;
				GCC_C_LANGUAGE_STANDARD = gnu11;
				GCC_DYNAMIC_NO_PIC = NO;
				GCC_NO_COMMON_BLOCKS = YES;
				GCC_OPTIMIZATION_LEVEL = 0;
				GCC_PREPROCESSOR_DEFINITIONS = (
					"DEBUG=1",
					"$(inherited)",
				);
				GCC_WARN_64_TO_32_BIT_CONVERSION = YES;
				GCC_WARN_ABOUT_RETURN_TYPE = YES_ERROR;
				GCC_WARN_UNDECLARED_SELECTOR = YES;
				GCC_WARN_UNINITIALIZED_AUTOS = YES_AGGRESSIVE;
				GCC_WARN_UNUSED_FUNCTION = YES;
				GCC_WARN_UNUSED_VARIABLE = YES;
				IPHONEOS_DEPLOYMENT_TARGET = 14.5;
				MTL_ENABLE_DEBUG_INFO = INCLUDE_SOURCE;
				MTL_FAST_MATH = YES;
				ONLY_ACTIVE_ARCH = YES;
				SDKROOT = iphoneos;
				SWIFT_ACTIVE_COMPILATION_CONDITIONS = DEBUG;
				SWIFT_OPTIMIZATION_LEVEL = "-Onone";
			};
			name = Debug;
		};
		165BE4CA267C53D5005B4AFA /* Release */ = {
			isa = XCBuildConfiguration;
			buildSettings = {
				ALWAYS_SEARCH_USER_PATHS = NO;
				CLANG_ANALYZER_NONNULL = YES;
				CLANG_ANALYZER_NUMBER_OBJECT_CONVERSION = YES_AGGRESSIVE;
				CLANG_CXX_LANGUAGE_STANDARD = "gnu++14";
				CLANG_CXX_LIBRARY = "libc++";
				CLANG_ENABLE_MODULES = YES;
				CLANG_ENABLE_OBJC_ARC = YES;
				CLANG_ENABLE_OBJC_WEAK = YES;
				CLANG_WARN_BLOCK_CAPTURE_AUTORELEASING = YES;
				CLANG_WARN_BOOL_CONVERSION = YES;
				CLANG_WARN_COMMA = YES;
				CLANG_WARN_CONSTANT_CONVERSION = YES;
				CLANG_WARN_DEPRECATED_OBJC_IMPLEMENTATIONS = YES;
				CLANG_WARN_DIRECT_OBJC_ISA_USAGE = YES_ERROR;
				CLANG_WARN_DOCUMENTATION_COMMENTS = YES;
				CLANG_WARN_EMPTY_BODY = YES;
				CLANG_WARN_ENUM_CONVERSION = YES;
				CLANG_WARN_INFINITE_RECURSION = YES;
				CLANG_WARN_INT_CONVERSION = YES;
				CLANG_WARN_NON_LITERAL_NULL_CONVERSION = YES;
				CLANG_WARN_OBJC_IMPLICIT_RETAIN_SELF = YES;
				CLANG_WARN_OBJC_LITERAL_CONVERSION = YES;
				CLANG_WARN_OBJC_ROOT_CLASS = YES_ERROR;
				CLANG_WARN_QUOTED_INCLUDE_IN_FRAMEWORK_HEADER = YES;
				CLANG_WARN_RANGE_LOOP_ANALYSIS = YES;
				CLANG_WARN_STRICT_PROTOTYPES = YES;
				CLANG_WARN_SUSPICIOUS_MOVE = YES;
				CLANG_WARN_UNGUARDED_AVAILABILITY = YES_AGGRESSIVE;
				CLANG_WARN_UNREACHABLE_CODE = YES;
				CLANG_WARN__DUPLICATE_METHOD_MATCH = YES;
				COPY_PHASE_STRIP = NO;
				DEBUG_INFORMATION_FORMAT = "dwarf-with-dsym";
				ENABLE_NS_ASSERTIONS = NO;
				ENABLE_STRICT_OBJC_MSGSEND = YES;
				GCC_C_LANGUAGE_STANDARD = gnu11;
				GCC_NO_COMMON_BLOCKS = YES;
				GCC_WARN_64_TO_32_BIT_CONVERSION = YES;
				GCC_WARN_ABOUT_RETURN_TYPE = YES_ERROR;
				GCC_WARN_UNDECLARED_SELECTOR = YES;
				GCC_WARN_UNINITIALIZED_AUTOS = YES_AGGRESSIVE;
				GCC_WARN_UNUSED_FUNCTION = YES;
				GCC_WARN_UNUSED_VARIABLE = YES;
				IPHONEOS_DEPLOYMENT_TARGET = 14.5;
				MTL_ENABLE_DEBUG_INFO = NO;
				MTL_FAST_MATH = YES;
				SDKROOT = iphoneos;
				SWIFT_COMPILATION_MODE = wholemodule;
				SWIFT_OPTIMIZATION_LEVEL = "-O";
				VALIDATE_PRODUCT = YES;
			};
			name = Release;
		};
		165BE4CC267C53D5005B4AFA /* Debug */ = {
			isa = XCBuildConfiguration;
			buildSettings = {
				CODE_SIGN_STYLE = Automatic;
				OTHER_LDFLAGS = "-ObjC";
				PRODUCT_NAME = "$(TARGET_NAME)";
				SKIP_INSTALL = YES;
				SWIFT_VERSION = 5.0;
				TARGETED_DEVICE_FAMILY = "1,2";
			};
			name = Debug;
		};
		165BE4CD267C53D5005B4AFA /* Release */ = {
			isa = XCBuildConfiguration;
			buildSettings = {
				CODE_SIGN_STYLE = Automatic;
				OTHER_LDFLAGS = "-ObjC";
				PRODUCT_NAME = "$(TARGET_NAME)";
				SKIP_INSTALL = YES;
				SWIFT_VERSION = 5.0;
				TARGETED_DEVICE_FAMILY = "1,2";
			};
			name = Release;
		};
		165BE4DB267C54A5005B4AFA /* Debug */ = {
			isa = XCBuildConfiguration;
			buildSettings = {
				CODE_SIGN_STYLE = Automatic;
				INFOPLIST_FILE = CoffeeShopAPITests/Info.plist;
				LD_RUNPATH_SEARCH_PATHS = (
					"$(inherited)",
					"@executable_path/Frameworks",
					"@loader_path/Frameworks",
				);
				PRODUCT_BUNDLE_IDENTIFIER = com.github.ph9.CoffeeShopAPITests;
				PRODUCT_NAME = "$(TARGET_NAME)";
				SWIFT_VERSION = 5.0;
				TARGETED_DEVICE_FAMILY = "1,2";
			};
			name = Debug;
		};
		165BE4DC267C54A5005B4AFA /* Release */ = {
			isa = XCBuildConfiguration;
			buildSettings = {
				CODE_SIGN_STYLE = Automatic;
				INFOPLIST_FILE = CoffeeShopAPITests/Info.plist;
				LD_RUNPATH_SEARCH_PATHS = (
					"$(inherited)",
					"@executable_path/Frameworks",
					"@loader_path/Frameworks",
				);
				PRODUCT_BUNDLE_IDENTIFIER = com.github.ph9.CoffeeShopAPITests;
				PRODUCT_NAME = "$(TARGET_NAME)";
				SWIFT_VERSION = 5.0;
				TARGETED_DEVICE_FAMILY = "1,2";
			};
			name = Release;
		};
/* End XCBuildConfiguration section */

/* Begin XCConfigurationList section */
		165BE4BF267C53D5005B4AFA /* Build configuration list for PBXProject "CoffeeShopAPI" */ = {
			isa = XCConfigurationList;
			buildConfigurations = (
				165BE4C9267C53D5005B4AFA /* Debug */,
				165BE4CA267C53D5005B4AFA /* Release */,
			);
			defaultConfigurationIsVisible = 0;
			defaultConfigurationName = Release;
		};
		165BE4CB267C53D5005B4AFA /* Build configuration list for PBXNativeTarget "CoffeeShopAPI" */ = {
			isa = XCConfigurationList;
			buildConfigurations = (
				165BE4CC267C53D5005B4AFA /* Debug */,
				165BE4CD267C53D5005B4AFA /* Release */,
			);
			defaultConfigurationIsVisible = 0;
			defaultConfigurationName = Release;
		};
		165BE4DA267C54A5005B4AFA /* Build configuration list for PBXNativeTarget "CoffeeShopAPITests" */ = {
			isa = XCConfigurationList;
			buildConfigurations = (
				165BE4DB267C54A5005B4AFA /* Debug */,
				165BE4DC267C54A5005B4AFA /* Release */,
			);
			defaultConfigurationIsVisible = 0;
			defaultConfigurationName = Release;
		};
/* End XCConfigurationList section */
	};
	rootObject = 165BE4BC267C53D5005B4AFA /* Project object */;
}
